
Microsoft Visual Studio Solution File, Format Version 12.00
# Visual Studio Version 17
VisualStudioVersion = 17.1.32421.90
MinimumVisualStudioVersion = 10.0.40219.1
Project("{9A19103F-16F7-4668-BE54-9A1E7A4F7556}") = "EndPlanner", "EndPlanner\EndPlanner.csproj", "{53C0AD4F-A462-4EDE-B68B-25709714B1DB}"
EndProject
Project("{2150E333-8FDC-42A3-9474-1A3956D46DE8}") = "Application", "Application", "{9A29F49B-8B2A-4E6E-BB67-2A084540E3B9}"
EndProject
Project("{2150E333-8FDC-42A3-9474-1A3956D46DE8}") = "Infrastructure", "Infrastructure", "{7F7D07D9-91B1-44C9-B1CC-9984AC44CD18}"
EndProject
Project("{2150E333-8FDC-42A3-9474-1A3956D46DE8}") = "Presentation", "Presentation", "{7BA33DB1-2D1C-4BC4-9BD7-B04A2D1466AA}"
EndProject
Project("{9A19103F-16F7-4668-BE54-9A1E7A4F7556}") = "Application", "Application\Application.csproj", "{8B9EC064-2384-4950-A53C-2939378A3B16}"
EndProject
Project("{9A19103F-16F7-4668-BE54-9A1E7A4F7556}") = "Domain", "Domain\Domain.csproj", "{1B3D6F2A-F21F-4ADA-B221-95D393D61019}"
EndProject
Project("{9A19103F-16F7-4668-BE54-9A1E7A4F7556}") = "Infrastructure", "Infrastructure\Infrastructure.csproj", "{2B9BC278-4D4E-422B-9D7F-2DEC9BDDA547}"
EndProject
Project("{9A19103F-16F7-4668-BE54-9A1E7A4F7556}") = "Persistance", "Persistance\Persistance.csproj", "{871EE7C6-8928-4A6C-85B6-EF5DE4720E1C}"
EndProject
Project("{9A19103F-16F7-4668-BE54-9A1E7A4F7556}") = "EndPlannerApp.Server", "EndPlannerApp\Server\EndPlannerApp.Server.csproj", "{D311F61C-2CD8-4246-B372-8EC73EA57B4E}"
EndProject
Project("{9A19103F-16F7-4668-BE54-9A1E7A4F7556}") = "EndPlannerApp.Client", "EndPlannerApp\Client\EndPlannerApp.Client.csproj", "{488A618B-CAEC-4253-80FF-57F9528F74AA}"
EndProject
Project("{9A19103F-16F7-4668-BE54-9A1E7A4F7556}") = "EndPlannerApp.Shared", "EndPlannerApp\Shared\EndPlannerApp.Shared.csproj", "{F10E3694-0743-4508-B2F7-972B6C9802A1}"
EndProject
Project("{2150E333-8FDC-42A3-9474-1A3956D46DE8}") = "Tests", "Tests", "{4993E4CF-8EDA-42BE-8060-779CA71BAC2D}"
EndProject
Project("{FAE04EC0-301F-11D3-BF4B-00C04F79EFBC}") = "UnitTests", "UnitTests\UnitTests.csproj", "{2422F350-2FC6-4464-AFEC-834697F3DDB9}"
EndProject
Global
	GlobalSection(SolutionConfigurationPlatforms) = preSolution
		Debug|Any CPU = Debug|Any CPU
		Release|Any CPU = Release|Any CPU
	EndGlobalSection
	GlobalSection(ProjectConfigurationPlatforms) = postSolution
		{53C0AD4F-A462-4EDE-B68B-25709714B1DB}.Debug|Any CPU.ActiveCfg = Debug|Any CPU
		{53C0AD4F-A462-4EDE-B68B-25709714B1DB}.Debug|Any CPU.Build.0 = Debug|Any CPU
		{53C0AD4F-A462-4EDE-B68B-25709714B1DB}.Release|Any CPU.ActiveCfg = Release|Any CPU
		{53C0AD4F-A462-4EDE-B68B-25709714B1DB}.Release|Any CPU.Build.0 = Release|Any CPU
		{8B9EC064-2384-4950-A53C-2939378A3B16}.Debug|Any CPU.ActiveCfg = Debug|Any CPU
		{8B9EC064-2384-4950-A53C-2939378A3B16}.Debug|Any CPU.Build.0 = Debug|Any CPU
		{8B9EC064-2384-4950-A53C-2939378A3B16}.Release|Any CPU.ActiveCfg = Release|Any CPU
		{8B9EC064-2384-4950-A53C-2939378A3B16}.Release|Any CPU.Build.0 = Release|Any CPU
		{1B3D6F2A-F21F-4ADA-B221-95D393D61019}.Debug|Any CPU.ActiveCfg = Debug|Any CPU
		{1B3D6F2A-F21F-4ADA-B221-95D393D61019}.Debug|Any CPU.Build.0 = Debug|Any CPU
		{1B3D6F2A-F21F-4ADA-B221-95D393D61019}.Release|Any CPU.ActiveCfg = Release|Any CPU
		{1B3D6F2A-F21F-4ADA-B221-95D393D61019}.Release|Any CPU.Build.0 = Release|Any CPU
		{2B9BC278-4D4E-422B-9D7F-2DEC9BDDA547}.Debug|Any CPU.ActiveCfg = Debug|Any CPU
		{2B9BC278-4D4E-422B-9D7F-2DEC9BDDA547}.Debug|Any CPU.Build.0 = Debug|Any CPU
		{2B9BC278-4D4E-422B-9D7F-2DEC9BDDA547}.Release|Any CPU.ActiveCfg = Release|Any CPU
		{2B9BC278-4D4E-422B-9D7F-2DEC9BDDA547}.Release|Any CPU.Build.0 = Release|Any CPU
		{871EE7C6-8928-4A6C-85B6-EF5DE4720E1C}.Debug|Any CPU.ActiveCfg = Debug|Any CPU
		{871EE7C6-8928-4A6C-85B6-EF5DE4720E1C}.Debug|Any CPU.Build.0 = Debug|Any CPU
		{871EE7C6-8928-4A6C-85B6-EF5DE4720E1C}.Release|Any CPU.ActiveCfg = Release|Any CPU
		{871EE7C6-8928-4A6C-85B6-EF5DE4720E1C}.Release|Any CPU.Build.0 = Release|Any CPU
		{D311F61C-2CD8-4246-B372-8EC73EA57B4E}.Debug|Any CPU.ActiveCfg = Debug|Any CPU
		{D311F61C-2CD8-4246-B372-8EC73EA57B4E}.Debug|Any CPU.Build.0 = Debug|Any CPU
		{D311F61C-2CD8-4246-B372-8EC73EA57B4E}.Release|Any CPU.ActiveCfg = Release|Any CPU
		{D311F61C-2CD8-4246-B372-8EC73EA57B4E}.Release|Any CPU.Build.0 = Release|Any CPU
		{488A618B-CAEC-4253-80FF-57F9528F74AA}.Debug|Any CPU.ActiveCfg = Debug|Any CPU
		{488A618B-CAEC-4253-80FF-57F9528F74AA}.Debug|Any CPU.Build.0 = Debug|Any CPU
		{488A618B-CAEC-4253-80FF-57F9528F74AA}.Release|Any CPU.ActiveCfg = Release|Any CPU
		{488A618B-CAEC-4253-80FF-57F9528F74AA}.Release|Any CPU.Build.0 = Release|Any CPU
		{F10E3694-0743-4508-B2F7-972B6C9802A1}.Debug|Any CPU.ActiveCfg = Debug|Any CPU
		{F10E3694-0743-4508-B2F7-972B6C9802A1}.Debug|Any CPU.Build.0 = Debug|Any CPU
		{F10E3694-0743-4508-B2F7-972B6C9802A1}.Release|Any CPU.ActiveCfg = Release|Any CPU
		{F10E3694-0743-4508-B2F7-972B6C9802A1}.Release|Any CPU.Build.0 = Release|Any CPU
		{2422F350-2FC6-4464-AFEC-834697F3DDB9}.Debug|Any CPU.ActiveCfg = Debug|Any CPU
		{2422F350-2FC6-4464-AFEC-834697F3DDB9}.Debug|Any CPU.Build.0 = Debug|Any CPU
		{2422F350-2FC6-4464-AFEC-834697F3DDB9}.Release|Any CPU.ActiveCfg = Release|Any CPU
		{2422F350-2FC6-4464-AFEC-834697F3DDB9}.Release|Any CPU.Build.0 = Release|Any CPU
	EndGlobalSection
	GlobalSection(SolutionProperties) = preSolution
		HideSolutionNode = FALSE
	EndGlobalSection
	GlobalSection(NestedProjects) = preSolution
		{53C0AD4F-A462-4EDE-B68B-25709714B1DB} = {7BA33DB1-2D1C-4BC4-9BD7-B04A2D1466AA}
		{8B9EC064-2384-4950-A53C-2939378A3B16} = {9A29F49B-8B2A-4E6E-BB67-2A084540E3B9}
		{1B3D6F2A-F21F-4ADA-B221-95D393D61019} = {9A29F49B-8B2A-4E6E-BB67-2A084540E3B9}
		{2B9BC278-4D4E-422B-9D7F-2DEC9BDDA547} = {7F7D07D9-91B1-44C9-B1CC-9984AC44CD18}
		{871EE7C6-8928-4A6C-85B6-EF5DE4720E1C} = {7F7D07D9-91B1-44C9-B1CC-9984AC44CD18}
		{D311F61C-2CD8-4246-B372-8EC73EA57B4E} = {7BA33DB1-2D1C-4BC4-9BD7-B04A2D1466AA}
		{488A618B-CAEC-4253-80FF-57F9528F74AA} = {7BA33DB1-2D1C-4BC4-9BD7-B04A2D1466AA}
		{F10E3694-0743-4508-B2F7-972B6C9802A1} = {7BA33DB1-2D1C-4BC4-9BD7-B04A2D1466AA}
		{2422F350-2FC6-4464-AFEC-834697F3DDB9} = {4993E4CF-8EDA-42BE-8060-779CA71BAC2D}
	EndGlobalSection
	GlobalSection(ExtensibilityGlobals) = postSolution
		SolutionGuid = {E37F3DBC-DFDE-4ED9-BCCE-FBA5AE731D44}
	EndGlobalSection
EndGlobal
